
Microsoft Visual Studio Solution File, Format Version 12.00
# Visual Studio 15
VisualStudioVersion = 15.0.28307.421
MinimumVisualStudioVersion = 10.0.40219.1
Project("{FAE04EC0-301F-11D3-BF4B-00C04F79EFBC}") = "NEH", "NEH\NEH.csproj", "{5A22FD16-6D8F-43BB-90F2-7070447529AD}"
EndProject
Global
	GlobalSection(SolutionConfigurationPlatforms) = preSolution
		Debug|Any CPU = Debug|Any CPU
		Release|Any CPU = Release|Any CPU
	EndGlobalSection
	GlobalSection(ProjectConfigurationPlatforms) = postSolution
		{5A22FD16-6D8F-43BB-90F2-7070447529AD}.Debug|Any CPU.ActiveCfg = Debug|Any CPU
		{5A22FD16-6D8F-43BB-90F2-7070447529AD}.Debug|Any CPU.Build.0 = Debug|Any CPU
		{5A22FD16-6D8F-43BB-90F2-7070447529AD}.Release|Any CPU.ActiveCfg = Release|Any CPU
		{5A22FD16-6D8F-43BB-90F2-7070447529AD}.Release|Any CPU.Build.0 = Release|Any CPU
	EndGlobalSection
	GlobalSection(SolutionProperties) = preSolution
		HideSolutionNode = FALSE
	EndGlobalSection
	GlobalSection(ExtensibilityGlobals) = postSolution
		SolutionGuid = {F8C943A3-A2AA-4B9B-B416-0916DEB9DDF8}
	EndGlobalSection
EndGlobal
