
Microsoft Visual Studio Solution File, Format Version 12.00
# Visual Studio 15
VisualStudioVersion = 15.0.28307.421
MinimumVisualStudioVersion = 10.0.40219.1
Project("{FAE04EC0-301F-11D3-BF4B-00C04F79EFBC}") = "SimulatedAnnealing", "SimulatedAnnealing\SimulatedAnnealing.csproj", "{8531F4FC-B1EA-46A6-87C9-14B420DC1993}"
EndProject
Project("{FAE04EC0-301F-11D3-BF4B-00C04F79EFBC}") = "UnitTests", "UnitTests\UnitTests.csproj", "{2D6E2F26-A3AC-46E1-A42D-A7D85B72FF1A}"
EndProject
Global
	GlobalSection(SolutionConfigurationPlatforms) = preSolution
		Debug|Any CPU = Debug|Any CPU
		Release|Any CPU = Release|Any CPU
	EndGlobalSection
	GlobalSection(ProjectConfigurationPlatforms) = postSolution
		{8531F4FC-B1EA-46A6-87C9-14B420DC1993}.Debug|Any CPU.ActiveCfg = Debug|Any CPU
		{8531F4FC-B1EA-46A6-87C9-14B420DC1993}.Debug|Any CPU.Build.0 = Debug|Any CPU
		{8531F4FC-B1EA-46A6-87C9-14B420DC1993}.Release|Any CPU.ActiveCfg = Release|Any CPU
		{8531F4FC-B1EA-46A6-87C9-14B420DC1993}.Release|Any CPU.Build.0 = Release|Any CPU
		{2D6E2F26-A3AC-46E1-A42D-A7D85B72FF1A}.Debug|Any CPU.ActiveCfg = Debug|Any CPU
		{2D6E2F26-A3AC-46E1-A42D-A7D85B72FF1A}.Debug|Any CPU.Build.0 = Debug|Any CPU
		{2D6E2F26-A3AC-46E1-A42D-A7D85B72FF1A}.Release|Any CPU.ActiveCfg = Release|Any CPU
		{2D6E2F26-A3AC-46E1-A42D-A7D85B72FF1A}.Release|Any CPU.Build.0 = Release|Any CPU
	EndGlobalSection
	GlobalSection(SolutionProperties) = preSolution
		HideSolutionNode = FALSE
	EndGlobalSection
	GlobalSection(ExtensibilityGlobals) = postSolution
		SolutionGuid = {B173DF57-625D-49CF-9B2C-65413D4EF04E}
	EndGlobalSection
EndGlobal
